
Microsoft Visual Studio Solution File, Format Version 12.00
# Visual Studio Version 17
VisualStudioVersion = 17.5.33424.131
MinimumVisualStudioVersion = 10.0.40219.1
Project("{8BC9CEB8-8B4A-11D0-8D11-00A0C91BC942}") = "komplex", "komplex.vcxproj", "{28B1FB08-2F8B-4C4E-9E0D-E1F849BE79B2}"
EndProject
Global
	GlobalSection(SolutionConfigurationPlatforms) = preSolution
		Debug|x86 = Debug|x86
		Release|x86 = Release|x86
	EndGlobalSection
	GlobalSection(ProjectConfigurationPlatforms) = postSolution
		{28B1FB08-2F8B-4C4E-9E0D-E1F849BE79B2}.Debug|x86.ActiveCfg = Debug|Win32
		{28B1FB08-2F8B-4C4E-9E0D-E1F849BE79B2}.Debug|x86.Build.0 = Debug|Win32
		{28B1FB08-2F8B-4C4E-9E0D-E1F849BE79B2}.Release|x86.ActiveCfg = Release|Win32
		{28B1FB08-2F8B-4C4E-9E0D-E1F849BE79B2}.Release|x86.Build.0 = Release|Win32
	EndGlobalSection
	GlobalSection(SolutionProperties) = preSolution
		HideSolutionNode = FALSE
	EndGlobalSection
	GlobalSection(ExtensibilityGlobals) = postSolution
		SolutionGuid = {8CB74BC8-3F62-4FC5-8FBA-028F0221E8C4}
	EndGlobalSection
EndGlobal
